
Microsoft Visual Studio Solution File, Format Version 12.00
# Visual Studio Version 17
VisualStudioVersion = 17.7.34031.279
MinimumVisualStudioVersion = 10.0.40219.1
Project("{FAE04EC0-301F-11D3-BF4B-00C04F79EFBC}") = "FSTaskDatabaseApi", "FSTaskDatabaseApi\FSTaskDatabaseApi.csproj", "{B89199BD-7C8C-4F85-BF9D-FC78F8BDAF47}"
EndProject
Global
	GlobalSection(SolutionConfigurationPlatforms) = preSolution
		Debug|Any CPU = Debug|Any CPU
		Release|Any CPU = Release|Any CPU
	EndGlobalSection
	GlobalSection(ProjectConfigurationPlatforms) = postSolution
		{B89199BD-7C8C-4F85-BF9D-FC78F8BDAF47}.Debug|Any CPU.ActiveCfg = Debug|Any CPU
		{B89199BD-7C8C-4F85-BF9D-FC78F8BDAF47}.Debug|Any CPU.Build.0 = Debug|Any CPU
		{B89199BD-7C8C-4F85-BF9D-FC78F8BDAF47}.Release|Any CPU.ActiveCfg = Release|Any CPU
		{B89199BD-7C8C-4F85-BF9D-FC78F8BDAF47}.Release|Any CPU.Build.0 = Release|Any CPU
	EndGlobalSection
	GlobalSection(SolutionProperties) = preSolution
		HideSolutionNode = FALSE
	EndGlobalSection
	GlobalSection(ExtensibilityGlobals) = postSolution
		SolutionGuid = {E77AB6D2-5C9F-4EDA-B241-3B01F56E81F3}
	EndGlobalSection
EndGlobal
